
Microsoft Visual Studio Solution File, Format Version 12.00
# Visual Studio Version 17
VisualStudioVersion = 17.9.34714.143
MinimumVisualStudioVersion = 10.0.40219.1
Project("{FAE04EC0-301F-11D3-BF4B-00C04F79EFBC}") = "DesignPatternsCreational", "DesignPatternsCreational\DesignPatternsCreational.csproj", "{F7E37E79-CEF6-4F9D-9061-BD394D3A8A08}"
EndProject
Global
	GlobalSection(SolutionConfigurationPlatforms) = preSolution
		Debug|Any CPU = Debug|Any CPU
		Release|Any CPU = Release|Any CPU
	EndGlobalSection
	GlobalSection(ProjectConfigurationPlatforms) = postSolution
		{F7E37E79-CEF6-4F9D-9061-BD394D3A8A08}.Debug|Any CPU.ActiveCfg = Debug|Any CPU
		{F7E37E79-CEF6-4F9D-9061-BD394D3A8A08}.Debug|Any CPU.Build.0 = Debug|Any CPU
		{F7E37E79-CEF6-4F9D-9061-BD394D3A8A08}.Release|Any CPU.ActiveCfg = Release|Any CPU
		{F7E37E79-CEF6-4F9D-9061-BD394D3A8A08}.Release|Any CPU.Build.0 = Release|Any CPU
	EndGlobalSection
	GlobalSection(SolutionProperties) = preSolution
		HideSolutionNode = FALSE
	EndGlobalSection
	GlobalSection(ExtensibilityGlobals) = postSolution
		SolutionGuid = {AC896E6D-567F-465D-B460-8FAEF6FFCD56}
	EndGlobalSection
EndGlobal
